
Microsoft Visual Studio Solution File, Format Version 12.00
# Visual Studio Version 17
VisualStudioVersion = 17.1.32210.238
MinimumVisualStudioVersion = 10.0.40219.1
Project("{FAE04EC0-301F-11D3-BF4B-00C04F79EFBC}") = "IndianStateCencusAnalyzer", "IndianStateCencusAnalyzer.csproj", "{F19FB788-7D52-47B2-92A4-1F1D0F0DD5EE}"
EndProject
Project("{FAE04EC0-301F-11D3-BF4B-00C04F79EFBC}") = "CencusAnalyserTest", "..\CencusAnalyserTest\CencusAnalyserTest.csproj", "{39AC7B42-2245-4F48-8F90-B017E50A1135}"
EndProject
Global
	GlobalSection(SolutionConfigurationPlatforms) = preSolution
		Debug|Any CPU = Debug|Any CPU
		Release|Any CPU = Release|Any CPU
	EndGlobalSection
	GlobalSection(ProjectConfigurationPlatforms) = postSolution
		{F19FB788-7D52-47B2-92A4-1F1D0F0DD5EE}.Debug|Any CPU.ActiveCfg = Debug|Any CPU
		{F19FB788-7D52-47B2-92A4-1F1D0F0DD5EE}.Debug|Any CPU.Build.0 = Debug|Any CPU
		{F19FB788-7D52-47B2-92A4-1F1D0F0DD5EE}.Release|Any CPU.ActiveCfg = Release|Any CPU
		{F19FB788-7D52-47B2-92A4-1F1D0F0DD5EE}.Release|Any CPU.Build.0 = Release|Any CPU
		{39AC7B42-2245-4F48-8F90-B017E50A1135}.Debug|Any CPU.ActiveCfg = Debug|Any CPU
		{39AC7B42-2245-4F48-8F90-B017E50A1135}.Debug|Any CPU.Build.0 = Debug|Any CPU
		{39AC7B42-2245-4F48-8F90-B017E50A1135}.Release|Any CPU.ActiveCfg = Release|Any CPU
		{39AC7B42-2245-4F48-8F90-B017E50A1135}.Release|Any CPU.Build.0 = Release|Any CPU
	EndGlobalSection
	GlobalSection(SolutionProperties) = preSolution
		HideSolutionNode = FALSE
	EndGlobalSection
	GlobalSection(ExtensibilityGlobals) = postSolution
		SolutionGuid = {CDC86A31-F5BB-41D8-9968-85CE97944A8A}
	EndGlobalSection
EndGlobal
